// !$*UTF8*$!
{
	archiveVersion = 1;
	classes = {
	};
	objectVersion = 46;
	objects = {

/* Begin PBXBuildFile section */
		1F511F3419AAF1A800AEF8A0 /* NewsItemView.xib in Resources */ = {isa = PBXBuildFile; fileRef = 1F511F3319AAF1A800AEF8A0 /* NewsItemView.xib */; };
		1F511F3619AAF26F00AEF8A0 /* NewItemTableViewCell.swift in Sources */ = {isa = PBXBuildFile; fileRef = 1F511F3519AAF26F00AEF8A0 /* NewItemTableViewCell.swift */; };
		1FA85DA519A9093100E91E9E /* AppDelegate.swift in Sources */ = {isa = PBXBuildFile; fileRef = 1FA85DA419A9093100E91E9E /* AppDelegate.swift */; };
		1FA85DA819A9093100E91E9E /* goudu.xcdatamodeld in Sources */ = {isa = PBXBuildFile; fileRef = 1FA85DA619A9093100E91E9E /* goudu.xcdatamodeld */; };
		1FA85DAA19A9093100E91E9E /* ViewController.swift in Sources */ = {isa = PBXBuildFile; fileRef = 1FA85DA919A9093100E91E9E /* ViewController.swift */; };
		1FA85DAD19A9093100E91E9E /* Main.storyboard in Resources */ = {isa = PBXBuildFile; fileRef = 1FA85DAB19A9093100E91E9E /* Main.storyboard */; };
		1FA85DAF19A9093100E91E9E /* Images.xcassets in Resources */ = {isa = PBXBuildFile; fileRef = 1FA85DAE19A9093100E91E9E /* Images.xcassets */; };
		1FA85DBB19A9093100E91E9E /* gouduTests.swift in Sources */ = {isa = PBXBuildFile; fileRef = 1FA85DBA19A9093100E91E9E /* gouduTests.swift */; };
		1FA85DC519A90F6C00E91E9E /* NewsListTableViewController.swift in Sources */ = {isa = PBXBuildFile; fileRef = 1FA85DC419A90F6C00E91E9E /* NewsListTableViewController.swift */; };
/* End PBXBuildFile section */

/* Begin PBXContainerItemProxy section */
		1FA85DB519A9093100E91E9E /* PBXContainerItemProxy */ = {
			isa = PBXContainerItemProxy;
			containerPortal = 1FA85D9719A9093100E91E9E /* Project object */;
			proxyType = 1;
			remoteGlobalIDString = 1FA85D9E19A9093100E91E9E;
			remoteInfo = goudu;
		};
/* End PBXContainerItemProxy section */

/* Begin PBXFileReference section */
		1F511F3319AAF1A800AEF8A0 /* NewsItemView.xib */ = {isa = PBXFileReference; fileEncoding = 4; lastKnownFileType = file.xib; path = NewsItemView.xib; sourceTree = "<group>"; };
		1F511F3519AAF26F00AEF8A0 /* NewItemTableViewCell.swift */ = {isa = PBXFileReference; fileEncoding = 4; lastKnownFileType = sourcecode.swift; path = NewItemTableViewCell.swift; sourceTree = "<group>"; };
		1FA85D9F19A9093100E91E9E /* goudu.app */ = {isa = PBXFileReference; explicitFileType = wrapper.application; includeInIndex = 0; path = goudu.app; sourceTree = BUILT_PRODUCTS_DIR; };
		1FA85DA319A9093100E91E9E /* Info.plist */ = {isa = PBXFileReference; lastKnownFileType = text.plist.xml; path = Info.plist; sourceTree = "<group>"; };
		1FA85DA419A9093100E91E9E /* AppDelegate.swift */ = {isa = PBXFileReference; lastKnownFileType = sourcecode.swift; path = AppDelegate.swift; sourceTree = "<group>"; };
		1FA85DA719A9093100E91E9E /* goudu.xcdatamodel */ = {isa = PBXFileReference; lastKnownFileType = wrapper.xcdatamodel; path = goudu.xcdatamodel; sourceTree = "<group>"; };
		1FA85DA919A9093100E91E9E /* ViewController.swift */ = {isa = PBXFileReference; lastKnownFileType = sourcecode.swift; path = ViewController.swift; sourceTree = "<group>"; };
		1FA85DAC19A9093100E91E9E /* Base */ = {isa = PBXFileReference; lastKnownFileType = file.storyboard; name = Base; path = Base.lproj/Main.storyboard; sourceTree = "<group>"; };
		1FA85DAE19A9093100E91E9E /* Images.xcassets */ = {isa = PBXFileReference; lastKnownFileType = folder.assetcatalog; path = Images.xcassets; sourceTree = "<group>"; };
		1FA85DB419A9093100E91E9E /* gouduTests.xctest */ = {isa = PBXFileReference; explicitFileType = wrapper.cfbundle; includeInIndex = 0; path = gouduTests.xctest; sourceTree = BUILT_PRODUCTS_DIR; };
		1FA85DB919A9093100E91E9E /* Info.plist */ = {isa = PBXFileReference; lastKnownFileType = text.plist.xml; path = Info.plist; sourceTree = "<group>"; };
		1FA85DBA19A9093100E91E9E /* gouduTests.swift */ = {isa = PBXFileReference; lastKnownFileType = sourcecode.swift; path = gouduTests.swift; sourceTree = "<group>"; };
		1FA85DC419A90F6C00E91E9E /* NewsListTableViewController.swift */ = {isa = PBXFileReference; fileEncoding = 4; lastKnownFileType = sourcecode.swift; path = NewsListTableViewController.swift; sourceTree = "<group>"; };
/* End PBXFileReference section */

/* Begin PBXFrameworksBuildPhase section */
		1FA85D9C19A9093100E91E9E /* Frameworks */ = {
			isa = PBXFrameworksBuildPhase;
			buildActionMask = 2147483647;
			files = (
			);
			runOnlyForDeploymentPostprocessing = 0;
		};
		1FA85DB119A9093100E91E9E /* Frameworks */ = {
			isa = PBXFrameworksBuildPhase;
			buildActionMask = 2147483647;
			files = (
			);
			runOnlyForDeploymentPostprocessing = 0;
		};
/* End PBXFrameworksBuildPhase section */

/* Begin PBXGroup section */
		1FA85D9619A9093100E91E9E = {
			isa = PBXGroup;
			children = (
				1FA85DA119A9093100E91E9E /* goudu */,
				1FA85DB719A9093100E91E9E /* gouduTests */,
				1FA85DA019A9093100E91E9E /* Products */,
			);
			sourceTree = "<group>";
		};
		1FA85DA019A9093100E91E9E /* Products */ = {
			isa = PBXGroup;
			children = (
				1FA85D9F19A9093100E91E9E /* goudu.app */,
				1FA85DB419A9093100E91E9E /* gouduTests.xctest */,
			);
			name = Products;
			sourceTree = "<group>";
		};
		1FA85DA119A9093100E91E9E /* goudu */ = {
			isa = PBXGroup;
			children = (
				1FA85DA419A9093100E91E9E /* AppDelegate.swift */,
				1FA85DA919A9093100E91E9E /* ViewController.swift */,
				1FA85DAB19A9093100E91E9E /* Main.storyboard */,
				1FA85DC419A90F6C00E91E9E /* NewsListTableViewController.swift */,
				1FA85DAE19A9093100E91E9E /* Images.xcassets */,
				1FA85DA619A9093100E91E9E /* goudu.xcdatamodeld */,
				1FA85DA219A9093100E91E9E /* Supporting Files */,
				1F511F3319AAF1A800AEF8A0 /* NewsItemView.xib */,
				1F511F3519AAF26F00AEF8A0 /* NewItemTableViewCell.swift */,
			);
			path = goudu;
			sourceTree = "<group>";
		};
		1FA85DA219A9093100E91E9E /* Supporting Files */ = {
			isa = PBXGroup;
			children = (
				1FA85DA319A9093100E91E9E /* Info.plist */,
			);
			name = "Supporting Files";
			sourceTree = "<group>";
		};
		1FA85DB719A9093100E91E9E /* gouduTests */ = {
			isa = PBXGroup;
			children = (
				1FA85DBA19A9093100E91E9E /* gouduTests.swift */,
				1FA85DB819A9093100E91E9E /* Supporting Files */,
			);
			path = gouduTests;
			sourceTree = "<group>";
		};
		1FA85DB819A9093100E91E9E /* Supporting Files */ = {
			isa = PBXGroup;
			children = (
				1FA85DB919A9093100E91E9E /* Info.plist */,
			);
			name = "Supporting Files";
			sourceTree = "<group>";
		};
/* End PBXGroup section */

/* Begin PBXNativeTarget section */
		1FA85D9E19A9093100E91E9E /* goudu */ = {
			isa = PBXNativeTarget;
			buildConfigurationList = 1FA85DBE19A9093100E91E9E /* Build configuration list for PBXNativeTarget "goudu" */;
			buildPhases = (
				1FA85D9B19A9093100E91E9E /* Sources */,
				1FA85D9C19A9093100E91E9E /* Frameworks */,
				1FA85D9D19A9093100E91E9E /* Resources */,
			);
			buildRules = (
			);
			dependencies = (
			);
			name = goudu;
			productName = goudu;
			productReference = 1FA85D9F19A9093100E91E9E /* goudu.app */;
			productType = "com.apple.product-type.application";
		};
		1FA85DB319A9093100E91E9E /* gouduTests */ = {
			isa = PBXNativeTarget;
			buildConfigurationList = 1FA85DC119A9093100E91E9E /* Build configuration list for PBXNativeTarget "gouduTests" */;
			buildPhases = (
				1FA85DB019A9093100E91E9E /* Sources */,
				1FA85DB119A9093100E91E9E /* Frameworks */,
				1FA85DB219A9093100E91E9E /* Resources */,
			);
			buildRules = (
			);
			dependencies = (
				1FA85DB619A9093100E91E9E /* PBXTargetDependency */,
			);
			name = gouduTests;
			productName = gouduTests;
			productReference = 1FA85DB419A9093100E91E9E /* gouduTests.xctest */;
			productType = "com.apple.product-type.bundle.unit-test";
		};
/* End PBXNativeTarget section */

/* Begin PBXProject section */
		1FA85D9719A9093100E91E9E /* Project object */ = {
			isa = PBXProject;
			attributes = {
				LastUpgradeCheck = 0600;
				ORGANIZATIONNAME = "Yu Zhao";
				TargetAttributes = {
					1FA85D9E19A9093100E91E9E = {
						CreatedOnToolsVersion = 6.0;
					};
					1FA85DB319A9093100E91E9E = {
						CreatedOnToolsVersion = 6.0;
						TestTargetID = 1FA85D9E19A9093100E91E9E;
					};
				};
			};
			buildConfigurationList = 1FA85D9A19A9093100E91E9E /* Build configuration list for PBXProject "goudu" */;
			compatibilityVersion = "Xcode 3.2";
			developmentRegion = English;
			hasScannedForEncodings = 0;
			knownRegions = (
				en,
				Base,
			);
			mainGroup = 1FA85D9619A9093100E91E9E;
			productRefGroup = 1FA85DA019A9093100E91E9E /* Products */;
			projectDirPath = "";
			projectRoot = "";
			targets = (
				1FA85D9E19A9093100E91E9E /* goudu */,
				1FA85DB319A9093100E91E9E /* gouduTests */,
			);
		};
/* End PBXProject section */

/* Begin PBXResourcesBuildPhase section */
		1FA85D9D19A9093100E91E9E /* Resources */ = {
			isa = PBXResourcesBuildPhase;
			buildActionMask = 2147483647;
			files = (
				1FA85DAD19A9093100E91E9E /* Main.storyboard in Resources */,
				1F511F3419AAF1A800AEF8A0 /* NewsItemView.xib in Resources */,
				1FA85DAF19A9093100E91E9E /* Images.xcassets in Resources */,
			);
			runOnlyForDeploymentPostprocessing = 0;
		};
		1FA85DB219A9093100E91E9E /* Resources */ = {
			isa = PBXResourcesBuildPhase;
			buildActionMask = 2147483647;
			files = (
			);
			runOnlyForDeploymentPostprocessing = 0;
		};
/* End PBXResourcesBuildPhase section */

/* Begin PBXSourcesBuildPhase section */
		1FA85D9B19A9093100E91E9E /* Sources */ = {
			isa = PBXSourcesBuildPhase;
			buildActionMask = 2147483647;
			files = (
				1FA85DC519A90F6C00E91E9E /* NewsListTableViewController.swift in Sources */,
				1FA85DAA19A9093100E91E9E /* ViewController.swift in Sources */,
				1F511F3619AAF26F00AEF8A0 /* NewItemTableViewCell.swift in Sources */,
				1FA85DA819A9093100E91E9E /* goudu.xcdatamodeld in Sources */,
				1FA85DA519A9093100E91E9E /* AppDelegate.swift in Sources */,
			);
			runOnlyForDeploymentPostprocessing = 0;
		};
		1FA85DB019A9093100E91E9E /* Sources */ = {
			isa = PBXSourcesBuildPhase;
			buildActionMask = 2147483647;
			files = (
				1FA85DBB19A9093100E91E9E /* gouduTests.swift in Sources */,
			);
			runOnlyForDeploymentPostprocessing = 0;
		};
/* End PBXSourcesBuildPhase section */

/* Begin PBXTargetDependency section */
		1FA85DB619A9093100E91E9E /* PBXTargetDependency */ = {
			isa = PBXTargetDependency;
			target = 1FA85D9E19A9093100E91E9E /* goudu */;
			targetProxy = 1FA85DB519A9093100E91E9E /* PBXContainerItemProxy */;
		};
/* End PBXTargetDependency section */

/* Begin PBXVariantGroup section */
		1FA85DAB19A9093100E91E9E /* Main.storyboard */ = {
			isa = PBXVariantGroup;
			children = (
				1FA85DAC19A9093100E91E9E /* Base */,
			);
			name = Main.storyboard;
			sourceTree = "<group>";
		};
/* End PBXVariantGroup section */

/* Begin XCBuildConfiguration section */
		1FA85DBC19A9093100E91E9E /* Debug */ = {
			isa = XCBuildConfiguration;
			buildSettings = {
				ALWAYS_SEARCH_USER_PATHS = NO;
				CLANG_CXX_LANGUAGE_STANDARD = "gnu++0x";
				CLANG_CXX_LIBRARY = "libc++";
				CLANG_ENABLE_MODULES = YES;
				CLANG_ENABLE_OBJC_ARC = YES;
				CLANG_WARN_BOOL_CONVERSION = YES;
				CLANG_WARN_CONSTANT_CONVERSION = YES;
				CLANG_WARN_DIRECT_OBJC_ISA_USAGE = YES_ERROR;
				CLANG_WARN_EMPTY_BODY = YES;
				CLANG_WARN_ENUM_CONVERSION = YES;
				CLANG_WARN_INT_CONVERSION = YES;
				CLANG_WARN_OBJC_ROOT_CLASS = YES_ERROR;
				CLANG_WARN_UNREACHABLE_CODE = YES;
				CLANG_WARN__DUPLICATE_METHOD_MATCH = YES;
				"CODE_SIGN_IDENTITY[sdk=iphoneos*]" = "iPhone Developer";
				COPY_PHASE_STRIP = NO;
				ENABLE_STRICT_OBJC_MSGSEND = YES;
				GCC_C_LANGUAGE_STANDARD = gnu99;
				GCC_DYNAMIC_NO_PIC = NO;
				GCC_OPTIMIZATION_LEVEL = 0;
				GCC_PREPROCESSOR_DEFINITIONS = (
					"DEBUG=1",
					"$(inherited)",
				);
				GCC_SYMBOLS_PRIVATE_EXTERN = NO;
				GCC_WARN_64_TO_32_BIT_CONVERSION = YES;
				GCC_WARN_ABOUT_RETURN_TYPE = YES_ERROR;
				GCC_WARN_UNDECLARED_SELECTOR = YES;
				GCC_WARN_UNINITIALIZED_AUTOS = YES_AGGRESSIVE;
				GCC_WARN_UNUSED_FUNCTION = YES;
				GCC_WARN_UNUSED_VARIABLE = YES;
				IPHONEOS_DEPLOYMENT_TARGET = 8.0;
				MTL_ENABLE_DEBUG_INFO = YES;
				ONLY_ACTIVE_ARCH = YES;
				SDKROOT = iphoneos;
				SWIFT_OPTIMIZATION_LEVEL = "-Onone";
			};
			name = Debug;
		};
		1FA85DBD19A9093100E91E9E /* Release */ = {
			isa = XCBuildConfiguration;
			buildSettings = {
				ALWAYS_SEARCH_USER_PATHS = NO;
				CLANG_CXX_LANGUAGE_STANDARD = "gnu++0x";
				CLANG_CXX_LIBRARY = "libc++";
				CLANG_ENABLE_MODULES = YES;
				CLANG_ENABLE_OBJC_ARC = YES;
				CLANG_WARN_BOOL_CONVERSION = YES;
				CLANG_WARN_CONSTANT_CONVERSION = YES;
				CLANG_WARN_DIRECT_OBJC_ISA_USAGE = YES_ERROR;
				CLANG_WARN_EMPTY_BODY = YES;
				CLANG_WARN_ENUM_CONVERSION = YES;
				CLANG_WARN_INT_CONVERSION = YES;
				CLANG_WARN_OBJC_ROOT_CLASS = YES_ERROR;
				CLANG_WARN_UNREACHABLE_CODE = YES;
				CLANG_WARN__DUPLICATE_METHOD_MATCH = YES;
				"CODE_SIGN_IDENTITY[sdk=iphoneos*]" = "iPhone Developer";
				COPY_PHASE_STRIP = YES;
				ENABLE_NS_ASSERTIONS = NO;
				ENABLE_STRICT_OBJC_MSGSEND = YES;
				GCC_C_LANGUAGE_STANDARD = gnu99;
				GCC_WARN_64_TO_32_BIT_CONVERSION = YES;
				GCC_WARN_ABOUT_RETURN_TYPE = YES_ERROR;
				GCC_WARN_UNDECLARED_SELECTOR = YES;
				GCC_WARN_UNINITIALIZED_AUTOS = YES_AGGRESSIVE;
				GCC_WARN_UNUSED_FUNCTION = YES;
				GCC_WARN_UNUSED_VARIABLE = YES;
				IPHONEOS_DEPLOYMENT_TARGET = 8.0;
				MTL_ENABLE_DEBUG_INFO = NO;
				SDKROOT = iphoneos;
				VALIDATE_PRODUCT = YES;
			};
			name = Release;
		};
		1FA85DBF19A9093100E91E9E /* Debug */ = {
			isa = XCBuildConfiguration;
			buildSettings = {
				ASSETCATALOG_COMPILER_APPICON_NAME = AppIcon;
				ASSETCATALOG_COMPILER_LAUNCHIMAGE_NAME = LaunchImage;
				CODE_SIGN_IDENTITY = "iPhone Developer";
				INFOPLIST_FILE = goudu/Info.plist;
				LD_RUNPATH_SEARCH_PATHS = "$(inherited) @executable_path/Frameworks";
				PRODUCT_NAME = "$(TARGET_NAME)";
			};
			name = Debug;
		};
		1FA85DC019A9093100E91E9E /* Release */ = {
			isa = XCBuildConfiguration;
			buildSettings = {
				ASSETCATALOG_COMPILER_APPICON_NAME = AppIcon;
				ASSETCATALOG_COMPILER_LAUNCHIMAGE_NAME = LaunchImage;
				CODE_SIGN_IDENTITY = "iPhone Developer";
				INFOPLIST_FILE = goudu/Info.plist;
				LD_RUNPATH_SEARCH_PATHS = "$(inherited) @executable_path/Frameworks";
				PRODUCT_NAME = "$(TARGET_NAME)";
			};
			name = Release;
		};
		1FA85DC219A9093100E91E9E /* Debug */ = {
			isa = XCBuildConfiguration;
			buildSettings = {
				BUNDLE_LOADER = "$(TEST_HOST)";
				FRAMEWORK_SEARCH_PATHS = (
					"$(SDKROOT)/Developer/Library/Frameworks",
					"$(inherited)",
				);
				GCC_PREPROCESSOR_DEFINITIONS = (
					"DEBUG=1",
					"$(inherited)",
				);
				INFOPLIST_FILE = gouduTests/Info.plist;
				LD_RUNPATH_SEARCH_PATHS = "$(inherited) @executable_path/Frameworks @loader_path/Frameworks";
				PRODUCT_NAME = "$(TARGET_NAME)";
				TEST_HOST = "$(BUILT_PRODUCTS_DIR)/goudu.app/goudu";
			};
			name = Debug;
		};
		1FA85DC319A9093100E91E9E /* Release */ = {
			isa = XCBuildConfiguration;
			buildSettings = {
				BUNDLE_LOADER = "$(TEST_HOST)";
				FRAMEWORK_SEARCH_PATHS = (
					"$(SDKROOT)/Developer/Library/Frameworks",
					"$(inherited)",
				);
				INFOPLIST_FILE = gouduTests/Info.plist;
				LD_RUNPATH_SEARCH_PATHS = "$(inherited) @executable_path/Frameworks @loader_path/Frameworks";
				PRODUCT_NAME = "$(TARGET_NAME)";
				TEST_HOST = "$(BUILT_PRODUCTS_DIR)/goudu.app/goudu";
			};
			name = Release;
		};
/* End XCBuildConfiguration section */

/* Begin XCConfigurationList section */
		1FA85D9A19A9093100E91E9E /* Build configuration list for PBXProject "goudu" */ = {
			isa = XCConfigurationList;
			buildConfigurations = (
				1FA85DBC19A9093100E91E9E /* Debug */,
				1FA85DBD19A9093100E91E9E /* Release */,
			);
			defaultConfigurationIsVisible = 0;
			defaultConfigurationName = Release;
		};
		1FA85DBE19A9093100E91E9E /* Build configuration list for PBXNativeTarget "goudu" */ = {
			isa = XCConfigurationList;
			buildConfigurations = (
				1FA85DBF19A9093100E91E9E /* Debug */,
				1FA85DC019A9093100E91E9E /* Release */,
			);
			defaultConfigurationIsVisible = 0;
			defaultConfigurationName = Release;
		};
		1FA85DC119A9093100E91E9E /* Build configuration list for PBXNativeTarget "gouduTests" */ = {
			isa = XCConfigurationList;
			buildConfigurations = (
				1FA85DC219A9093100E91E9E /* Debug */,
				1FA85DC319A9093100E91E9E /* Release */,
			);
			defaultConfigurationIsVisible = 0;
			defaultConfigurationName = Release;
		};
/* End XCConfigurationList section */

/* Begin XCVersionGroup section */
		1FA85DA619A9093100E91E9E /* goudu.xcdatamodeld */ = {
			isa = XCVersionGroup;
			children = (
				1FA85DA719A9093100E91E9E /* goudu.xcdatamodel */,
			);
			currentVersion = 1FA85DA719A9093100E91E9E /* goudu.xcdatamodel */;
			path = goudu.xcdatamodeld;
			sourceTree = "<group>";
			versionGroupType = wrapper.xcdatamodel;
		};
/* End XCVersionGroup section */
	};
	rootObject = 1FA85D9719A9093100E91E9E /* Project object */;
}
